
Microsoft Visual Studio Solution File, Format Version 12.00
# Visual Studio Version 17
VisualStudioVersion = 17.0.32112.339
MinimumVisualStudioVersion = 10.0.40219.1
Project("{9A19103F-16F7-4668-BE54-9A1E7A4F7556}") = "Анкета", "Homework_1\Анкета.csproj", "{E3DC8835-9C6A-4B19-B142-4DDEE19418D1}"
EndProject
Project("{9A19103F-16F7-4668-BE54-9A1E7A4F7556}") = "ИМТ", "ИМТ\ИМТ.csproj", "{A99C45B9-7C58-4904-BEEA-890AA699BB41}"
EndProject
Project("{9A19103F-16F7-4668-BE54-9A1E7A4F7556}") = "Точки", "Точки\Точки.csproj", "{9131EDEF-9557-4F28-B7A1-E02165030DA3}"
EndProject
Project("{FAE04EC0-301F-11D3-BF4B-00C04F79EFBC}") = "Обмен значениями", "Обмен значениями\Обмен значениями.csproj", "{2FD4B139-F46B-49DC-BA73-1B3418E12B40}"
EndProject
Project("{FAE04EC0-301F-11D3-BF4B-00C04F79EFBC}") = "NSC", "NSC\NSC.csproj", "{29D3266A-1846-47FD-A324-CD9677FB0A7B}"
EndProject
Global
	GlobalSection(SolutionConfigurationPlatforms) = preSolution
		Debug|Any CPU = Debug|Any CPU
		Release|Any CPU = Release|Any CPU
	EndGlobalSection
	GlobalSection(ProjectConfigurationPlatforms) = postSolution
		{E3DC8835-9C6A-4B19-B142-4DDEE19418D1}.Debug|Any CPU.ActiveCfg = Debug|Any CPU
		{E3DC8835-9C6A-4B19-B142-4DDEE19418D1}.Debug|Any CPU.Build.0 = Debug|Any CPU
		{E3DC8835-9C6A-4B19-B142-4DDEE19418D1}.Release|Any CPU.ActiveCfg = Release|Any CPU
		{E3DC8835-9C6A-4B19-B142-4DDEE19418D1}.Release|Any CPU.Build.0 = Release|Any CPU
		{A99C45B9-7C58-4904-BEEA-890AA699BB41}.Debug|Any CPU.ActiveCfg = Debug|Any CPU
		{A99C45B9-7C58-4904-BEEA-890AA699BB41}.Debug|Any CPU.Build.0 = Debug|Any CPU
		{A99C45B9-7C58-4904-BEEA-890AA699BB41}.Release|Any CPU.ActiveCfg = Release|Any CPU
		{A99C45B9-7C58-4904-BEEA-890AA699BB41}.Release|Any CPU.Build.0 = Release|Any CPU
		{9131EDEF-9557-4F28-B7A1-E02165030DA3}.Debug|Any CPU.ActiveCfg = Debug|Any CPU
		{9131EDEF-9557-4F28-B7A1-E02165030DA3}.Debug|Any CPU.Build.0 = Debug|Any CPU
		{9131EDEF-9557-4F28-B7A1-E02165030DA3}.Release|Any CPU.ActiveCfg = Release|Any CPU
		{9131EDEF-9557-4F28-B7A1-E02165030DA3}.Release|Any CPU.Build.0 = Release|Any CPU
		{2FD4B139-F46B-49DC-BA73-1B3418E12B40}.Debug|Any CPU.ActiveCfg = Debug|Any CPU
		{2FD4B139-F46B-49DC-BA73-1B3418E12B40}.Debug|Any CPU.Build.0 = Debug|Any CPU
		{2FD4B139-F46B-49DC-BA73-1B3418E12B40}.Release|Any CPU.ActiveCfg = Release|Any CPU
		{2FD4B139-F46B-49DC-BA73-1B3418E12B40}.Release|Any CPU.Build.0 = Release|Any CPU
		{29D3266A-1846-47FD-A324-CD9677FB0A7B}.Debug|Any CPU.ActiveCfg = Debug|Any CPU
		{29D3266A-1846-47FD-A324-CD9677FB0A7B}.Debug|Any CPU.Build.0 = Debug|Any CPU
		{29D3266A-1846-47FD-A324-CD9677FB0A7B}.Release|Any CPU.ActiveCfg = Release|Any CPU
		{29D3266A-1846-47FD-A324-CD9677FB0A7B}.Release|Any CPU.Build.0 = Release|Any CPU
	EndGlobalSection
	GlobalSection(SolutionProperties) = preSolution
		HideSolutionNode = FALSE
	EndGlobalSection
	GlobalSection(ExtensibilityGlobals) = postSolution
		SolutionGuid = {CB96AF3F-CD8F-4261-BBE5-9833EAB7EF32}
	EndGlobalSection
EndGlobal
